
Microsoft Visual Studio Solution File, Format Version 12.00
# Visual Studio 15
VisualStudioVersion = 15.0.28307.136
MinimumVisualStudioVersion = 10.0.40219.1
Project("{9092AA53-FB77-4645-B42D-1CCCA6BD08BD}") = "HiveMind.Aggregate", "HiveMind.Aggregate\HiveMind.Aggregate.njsproj", "{13EBAFC9-345C-4DD4-9A6E-B594F0E14323}"
EndProject
Project("{E24C65DC-7377-472B-9ABA-BC803B73C61A}") = "HiveMind-Angular", "HiveMind-Angular\", "{63185545-8172-421F-B53E-FA6851729145}"
	ProjectSection(WebsiteProperties) = preProject
		TargetFrameworkMoniker = ".NETFramework,Version%3Dv4.0"
		Debug.AspNetCompiler.VirtualPath = "/localhost_55527"
		Debug.AspNetCompiler.PhysicalPath = "HiveMind-Angular\"
		Debug.AspNetCompiler.TargetPath = "PrecompiledWeb\localhost_55527\"
		Debug.AspNetCompiler.Updateable = "true"
		Debug.AspNetCompiler.ForceOverwrite = "true"
		Debug.AspNetCompiler.FixedNames = "false"
		Debug.AspNetCompiler.Debug = "True"
		Release.AspNetCompiler.VirtualPath = "/localhost_55527"
		Release.AspNetCompiler.PhysicalPath = "HiveMind-Angular\"
		Release.AspNetCompiler.TargetPath = "PrecompiledWeb\localhost_55527\"
		Release.AspNetCompiler.Updateable = "true"
		Release.AspNetCompiler.ForceOverwrite = "true"
		Release.AspNetCompiler.FixedNames = "false"
		Release.AspNetCompiler.Debug = "False"
		VWDPort = "55527"
		SlnRelativePath = "HiveMind-Angular\"
	EndProjectSection
EndProject
Project("{FAE04EC0-301F-11D3-BF4B-00C04F79EFBC}") = "HiveMind.Services.Ideas", "HiveMind.Services.Ideas\HiveMind.Services.Ideas.csproj", "{968D7B63-4732-4DD5-B220-20B2256512DE}"
EndProject
Project("{FAE04EC0-301F-11D3-BF4B-00C04F79EFBC}") = "HiveMind.Services.Problems", "HiveMind.Services.Problems\HiveMind.Services.Problems.csproj", "{4793C346-2C18-484D-AE4E-FE963FE17307}"
EndProject
Project("{FAE04EC0-301F-11D3-BF4B-00C04F79EFBC}") = "HiveMind.Services.Projects", "HiveMind.Services.Projects\HiveMind.Services.Projects.csproj", "{6A4BA002-C827-45F9-9C11-4D021ED7807B}"
EndProject
Project("{9092AA53-FB77-4645-B42D-1CCCA6BD08BD}") = "HiveMind.Services.Work", "HiveMind.Services.Work\HiveMind.Services.Work.njsproj", "{7495BA4E-ADDE-4D1A-A01A-B57C0270ECFE}"
EndProject
Project("{FAE04EC0-301F-11D3-BF4B-00C04F79EFBC}") = "HiveMind.Services.Graph", "HiveMind.Services.Graph\HiveMind.Services.Graph.csproj", "{5E24BB8B-E85E-42ED-BE33-EFCBE0C9C6C0}"
EndProject
Project("{FAE04EC0-301F-11D3-BF4B-00C04F79EFBC}") = "HiveMind.Common", "HiveMind.Common\HiveMind.Common.csproj", "{83A13C07-FFB4-4D57-9AB4-BFAE8C8F7E9B}"
EndProject
Project("{FAE04EC0-301F-11D3-BF4B-00C04F79EFBC}") = "HiveMind.Services.Search", "HiveMind.Services.Search\HiveMind.Services.Search.csproj", "{86FD4E00-4C55-4F02-9745-6D0D5B894CCF}"
EndProject
Project("{2150E333-8FDC-42A3-9474-1A3956D46DE8}") = "Docs", "Docs", "{FB69F07F-19BF-4383-BC2C-CCDA447CC3C0}"
EndProject
Global
	GlobalSection(SolutionConfigurationPlatforms) = preSolution
		Debug|Any CPU = Debug|Any CPU
		Release|Any CPU = Release|Any CPU
	EndGlobalSection
	GlobalSection(ProjectConfigurationPlatforms) = postSolution
		{13EBAFC9-345C-4DD4-9A6E-B594F0E14323}.Debug|Any CPU.ActiveCfg = Debug|Any CPU
		{13EBAFC9-345C-4DD4-9A6E-B594F0E14323}.Debug|Any CPU.Build.0 = Debug|Any CPU
		{13EBAFC9-345C-4DD4-9A6E-B594F0E14323}.Release|Any CPU.ActiveCfg = Release|Any CPU
		{13EBAFC9-345C-4DD4-9A6E-B594F0E14323}.Release|Any CPU.Build.0 = Release|Any CPU
		{63185545-8172-421F-B53E-FA6851729145}.Debug|Any CPU.ActiveCfg = Debug|Any CPU
		{63185545-8172-421F-B53E-FA6851729145}.Debug|Any CPU.Build.0 = Debug|Any CPU
		{63185545-8172-421F-B53E-FA6851729145}.Release|Any CPU.ActiveCfg = Debug|Any CPU
		{63185545-8172-421F-B53E-FA6851729145}.Release|Any CPU.Build.0 = Debug|Any CPU
		{968D7B63-4732-4DD5-B220-20B2256512DE}.Debug|Any CPU.ActiveCfg = Debug|Any CPU
		{968D7B63-4732-4DD5-B220-20B2256512DE}.Debug|Any CPU.Build.0 = Debug|Any CPU
		{968D7B63-4732-4DD5-B220-20B2256512DE}.Release|Any CPU.ActiveCfg = Release|Any CPU
		{968D7B63-4732-4DD5-B220-20B2256512DE}.Release|Any CPU.Build.0 = Release|Any CPU
		{4793C346-2C18-484D-AE4E-FE963FE17307}.Debug|Any CPU.ActiveCfg = Debug|Any CPU
		{4793C346-2C18-484D-AE4E-FE963FE17307}.Debug|Any CPU.Build.0 = Debug|Any CPU
		{4793C346-2C18-484D-AE4E-FE963FE17307}.Release|Any CPU.ActiveCfg = Release|Any CPU
		{4793C346-2C18-484D-AE4E-FE963FE17307}.Release|Any CPU.Build.0 = Release|Any CPU
		{6A4BA002-C827-45F9-9C11-4D021ED7807B}.Debug|Any CPU.ActiveCfg = Debug|Any CPU
		{6A4BA002-C827-45F9-9C11-4D021ED7807B}.Debug|Any CPU.Build.0 = Debug|Any CPU
		{6A4BA002-C827-45F9-9C11-4D021ED7807B}.Release|Any CPU.ActiveCfg = Release|Any CPU
		{6A4BA002-C827-45F9-9C11-4D021ED7807B}.Release|Any CPU.Build.0 = Release|Any CPU
		{7495BA4E-ADDE-4D1A-A01A-B57C0270ECFE}.Debug|Any CPU.ActiveCfg = Debug|Any CPU
		{7495BA4E-ADDE-4D1A-A01A-B57C0270ECFE}.Debug|Any CPU.Build.0 = Debug|Any CPU
		{7495BA4E-ADDE-4D1A-A01A-B57C0270ECFE}.Release|Any CPU.ActiveCfg = Release|Any CPU
		{7495BA4E-ADDE-4D1A-A01A-B57C0270ECFE}.Release|Any CPU.Build.0 = Release|Any CPU
		{5E24BB8B-E85E-42ED-BE33-EFCBE0C9C6C0}.Debug|Any CPU.ActiveCfg = Debug|Any CPU
		{5E24BB8B-E85E-42ED-BE33-EFCBE0C9C6C0}.Debug|Any CPU.Build.0 = Debug|Any CPU
		{5E24BB8B-E85E-42ED-BE33-EFCBE0C9C6C0}.Release|Any CPU.ActiveCfg = Release|Any CPU
		{5E24BB8B-E85E-42ED-BE33-EFCBE0C9C6C0}.Release|Any CPU.Build.0 = Release|Any CPU
		{83A13C07-FFB4-4D57-9AB4-BFAE8C8F7E9B}.Debug|Any CPU.ActiveCfg = Debug|Any CPU
		{83A13C07-FFB4-4D57-9AB4-BFAE8C8F7E9B}.Debug|Any CPU.Build.0 = Debug|Any CPU
		{83A13C07-FFB4-4D57-9AB4-BFAE8C8F7E9B}.Release|Any CPU.ActiveCfg = Release|Any CPU
		{83A13C07-FFB4-4D57-9AB4-BFAE8C8F7E9B}.Release|Any CPU.Build.0 = Release|Any CPU
		{86FD4E00-4C55-4F02-9745-6D0D5B894CCF}.Debug|Any CPU.ActiveCfg = Debug|Any CPU
		{86FD4E00-4C55-4F02-9745-6D0D5B894CCF}.Debug|Any CPU.Build.0 = Debug|Any CPU
		{86FD4E00-4C55-4F02-9745-6D0D5B894CCF}.Release|Any CPU.ActiveCfg = Release|Any CPU
		{86FD4E00-4C55-4F02-9745-6D0D5B894CCF}.Release|Any CPU.Build.0 = Release|Any CPU
	EndGlobalSection
	GlobalSection(SolutionProperties) = preSolution
		HideSolutionNode = FALSE
	EndGlobalSection
	GlobalSection(ExtensibilityGlobals) = postSolution
		SolutionGuid = {6E581EBC-2CE3-495B-9EC1-7E634663E7B4}
	EndGlobalSection
EndGlobal
